github.com/bmatcuk/doublestar/v3 v3.0.0 h1:TQtVPlDnAYwcrVNB2JiGuMc++H5qzWZd9PhkNo5WyHI=
github.com/bmatcuk/doublestar/v3 v3.0.0/go.mod h1:6PcTVMw80pCY1RVuoqu3V++99uQB3vsSYKPTd8AWA0k=
github.com/bsm/ginkgo v1.16.4 h1:pkHpo2VJRvI0NGlxCYi8qovww76L7+g82MgM+UBvH4A=
github.com/bsm/ginkgo v1.16.4/go.mod h1:RabIZLzOCPghgHJKUqHZpqrQETA5AnF4aCSIYy5C1bk=
github.com/bsm/gomega v1.16.0 h1:LEoRGHyYl3MqAcXgczKX/C3bxlxjl3gjP37PGvPNplw=
github.com/bsm/gomega v1.16.0/go.mod h1:JifAceMQ4crZIWYUKrlGcmbN3bqHogVTADMD2ATsbwk=
