github.com/bmatcuk/doublestar/v3 v3.0.0 h1:TQtVPlDnAYwcrVNB2JiGuMc++H5qzWZd9PhkNo5WyHI=
github.com/bmatcuk/doublestar/v3 v3.0.0/go.mod h1:6PcTVMw80pCY1RVuoqu3V++99uQB3vsSYKPTd8AWA0k=
github.com/bsm/ginkgo v1.16.0 h1:d0FSr//fhUpdWr4uBHBLG+xN1bOYWERSBnfu1hGknfU=
github.com/bsm/ginkgo v1.16.0/go.mod h1:RabIZLzOCPghgHJKUqHZpqrQETA5AnF4aCSIYy5C1bk=
github.com/bsm/gomega v1.11.0 h1:wg9DVGPETNZLIbMsseneMV1a7uo/x+wsCyNXdEcifDI=
github.com/bsm/gomega v1.11.0/go.mod h1:JifAceMQ4crZIWYUKrlGcmbN3bqHogVTADMD2ATsbwk=
