github.com/bmatcuk/doublestar/v3 v3.0.0 h1:TQtVPlDnAYwcrVNB2JiGuMc++H5qzWZd9PhkNo5WyHI=
github.com/bmatcuk/doublestar/v3 v3.0.0/go.mod h1:6PcTVMw80pCY1RVuoqu3V++99uQB3vsSYKPTd8AWA0k=
github.com/bsm/bfs v0.11.5 h1:NMWD0hOp/74boNd51Zas4DMh81mvp1As1SjEZrFWHi0=
github.com/bsm/bfs v0.11.5/go.mod h1:D2N+ly23VsODKiRvkf4HUgKSgOaNjKTOJE53rhL6Vfk=
github.com/bsm/ginkgo v1.16.4 h1:pkHpo2VJRvI0NGlxCYi8qovww76L7+g82MgM+UBvH4A=
github.com/bsm/ginkgo v1.16.4/go.mod h1:RabIZLzOCPghgHJKUqHZpqrQETA5AnF4aCSIYy5C1bk=
github.com/bsm/ginkgo/v2 v2.1.3 h1:Eo/fcrVgq1Dwtj9LsLoPe3ZCb2MoN4jOqzELBsUSj4M=
github.com/bsm/ginkgo/v2 v2.1.3/go.mod h1:AiKlXPm7ItEHNc/2+OkrNG4E0ITzojb9/xWzvQ9XZ9w=
github.com/bsm/gomega v1.16.0 h1:LEoRGHyYl3MqAcXgczKX/C3bxlxjl3gjP37PGvPNplw=
github.com/bsm/gomega v1.16.0/go.mod h1:JifAceMQ4crZIWYUKrlGcmbN3bqHogVTADMD2ATsbwk=
github.com/davecgh/go-spew v1.1.0 h1:ZDRjVQ15GmhC3fiQ8ni8+OwkZQO4DARzQgrnXU1Liz8=
github.com/davecgh/go-spew v1.1.0/go.mod h1:J7Y8YcW2NihsgmVo/mv3lAwl/skON4iLHjSsI+c5H38=
github.com/hashicorp/errwrap v1.0.0/go.mod h1:YH+1FKiLXxHSkmPseP+kNlulaMuP3n2brvKWEqk/Jc4=
github.com/hashicorp/errwrap v1.1.0 h1:OxrOeh75EUXMY8TBjag2fzXGZ40LB6IKw45YeGUDY2I=
github.com/hashicorp/errwrap v1.1.0/go.mod h1:YH+1FKiLXxHSkmPseP+kNlulaMuP3n2brvKWEqk/Jc4=
github.com/hashicorp/go-multierror v1.1.1 h1:H5DkEtf6CXdFp0N0Em5UCwQpXMWke8IA0+lD48awMYo=
github.com/hashicorp/go-multierror v1.1.1/go.mod h1:iw975J/qwKPdAO1clOe2L8331t/9/fmwbPZ6JB6eMoM=
github.com/jlaffaye/ftp v0.0.0-20220310202011-d2c44e311e78 h1:urWv38lDLjDRk5fG9P8vvxlfpQXaKtRlZc+QLKk3FRA=
github.com/jlaffaye/ftp v0.0.0-20220310202011-d2c44e311e78/go.mod h1:oZaomI+9/et52UBjvNU9LCIqmgt816+7ljXCx0EIPzo=
github.com/pmezard/go-difflib v1.0.0 h1:4DBwDE0NGyQoBHbLQYPwSUPoCMWR5BEzIk/f1lZbAQM=
github.com/pmezard/go-difflib v1.0.0/go.mod h1:iKH77koFhYxTK1pcRnkKkqfTogsbg7gZNVY4sRDYZ/4=
github.com/stretchr/objx v0.1.0/go.mod h1:HFkY916IF+rwdDfMAkV7OtwuqBVzrE8GR6GFx+wExME=
github.com/stretchr/testify v1.6.1 h1:hDPOHmpOpP40lSULcqw7IrRb/u7w6RpDC9399XyoNd0=
github.com/stretchr/testify v1.6.1/go.mod h1:6Fq8oRcR53rry900zMqJjRRixrwX3KX962/h/Wwjteg=
gopkg.in/check.v1 v0.0.0-20161208181325-20d25e280405 h1:yhCVgyC4o1eVCa2tZl7eS0r+SDo693bJlVdllGtEeKM=
gopkg.in/check.v1 v0.0.0-20161208181325-20d25e280405/go.mod h1:Co6ibVJAznAaIkqp8huTwlJQCZ016jof/cbN4VW5Yz0=
gopkg.in/yaml.v3 v3.0.0-20200313102051-9f266ea9e77c h1:dUUwHk2QECo/6vqA44rthZ8ie2QXMNeKRTHCNY2nXvo=
gopkg.in/yaml.v3 v3.0.0-20200313102051-9f266ea9e77c/go.mod h1:K4uyk7z7BCEPqu6E+C64Yfv1cQ7kz7rIZviUmN+EgEM=
